
Microsoft Visual Studio Solution File, Format Version 12.00
# Visual Studio 14
VisualStudioVersion = 14.0.25123.0
MinimumVisualStudioVersion = 10.0.40219.1
Project("{FAE04EC0-301F-11D3-BF4B-00C04F79EFBC}") = "WCFTutorial", "WCFTutorial\WCFTutorial.csproj", "{33019C37-2432-494F-AE54-D646CBFD8495}"
EndProject
Project("{FAE04EC0-301F-11D3-BF4B-00C04F79EFBC}") = "CalculatorService", "CalculatorService\CalculatorService.csproj", "{76B3902A-1BE9-4450-AB1F-B8CF0E52C99F}"
EndProject
Project("{FAE04EC0-301F-11D3-BF4B-00C04F79EFBC}") = "CalculatorServiceTest", "CalculatorServiceTest\CalculatorServiceTest.csproj", "{5D2BC25F-C1EF-44F7-BEF7-A3E06C8278C8}"
EndProject
Global
	GlobalSection(SolutionConfigurationPlatforms) = preSolution
		Debug|Any CPU = Debug|Any CPU
		Release|Any CPU = Release|Any CPU
	EndGlobalSection
	GlobalSection(ProjectConfigurationPlatforms) = postSolution
		{33019C37-2432-494F-AE54-D646CBFD8495}.Debug|Any CPU.ActiveCfg = Debug|Any CPU
		{33019C37-2432-494F-AE54-D646CBFD8495}.Debug|Any CPU.Build.0 = Debug|Any CPU
		{33019C37-2432-494F-AE54-D646CBFD8495}.Release|Any CPU.ActiveCfg = Release|Any CPU
		{33019C37-2432-494F-AE54-D646CBFD8495}.Release|Any CPU.Build.0 = Release|Any CPU
		{76B3902A-1BE9-4450-AB1F-B8CF0E52C99F}.Debug|Any CPU.ActiveCfg = Debug|Any CPU
		{76B3902A-1BE9-4450-AB1F-B8CF0E52C99F}.Debug|Any CPU.Build.0 = Debug|Any CPU
		{76B3902A-1BE9-4450-AB1F-B8CF0E52C99F}.Release|Any CPU.ActiveCfg = Release|Any CPU
		{76B3902A-1BE9-4450-AB1F-B8CF0E52C99F}.Release|Any CPU.Build.0 = Release|Any CPU
		{5D2BC25F-C1EF-44F7-BEF7-A3E06C8278C8}.Debug|Any CPU.ActiveCfg = Debug|Any CPU
		{5D2BC25F-C1EF-44F7-BEF7-A3E06C8278C8}.Debug|Any CPU.Build.0 = Debug|Any CPU
		{5D2BC25F-C1EF-44F7-BEF7-A3E06C8278C8}.Release|Any CPU.ActiveCfg = Release|Any CPU
		{5D2BC25F-C1EF-44F7-BEF7-A3E06C8278C8}.Release|Any CPU.Build.0 = Release|Any CPU
	EndGlobalSection
	GlobalSection(SolutionProperties) = preSolution
		HideSolutionNode = FALSE
	EndGlobalSection
EndGlobal
